
Microsoft Visual Studio Solution File, Format Version 12.00
# Visual Studio Version 17
VisualStudioVersion = 17.0.32014.148
MinimumVisualStudioVersion = 10.0.40219.1
Project("{FAE04EC0-301F-11D3-BF4B-00C04F79EFBC}") = "a11y-mvc-web", "a11y-mvc-web\a11y-mvc-web.csproj", "{271627C0-7356-4B1B-A41B-596B41503C1B}"
EndProject
Global
	GlobalSection(SolutionConfigurationPlatforms) = preSolution
		Debug|Any CPU = Debug|Any CPU
		Release|Any CPU = Release|Any CPU
	EndGlobalSection
	GlobalSection(ProjectConfigurationPlatforms) = postSolution
		{271627C0-7356-4B1B-A41B-596B41503C1B}.Debug|Any CPU.ActiveCfg = Debug|Any CPU
		{271627C0-7356-4B1B-A41B-596B41503C1B}.Debug|Any CPU.Build.0 = Debug|Any CPU
		{271627C0-7356-4B1B-A41B-596B41503C1B}.Release|Any CPU.ActiveCfg = Release|Any CPU
		{271627C0-7356-4B1B-A41B-596B41503C1B}.Release|Any CPU.Build.0 = Release|Any CPU
	EndGlobalSection
	GlobalSection(SolutionProperties) = preSolution
		HideSolutionNode = FALSE
	EndGlobalSection
	GlobalSection(ExtensibilityGlobals) = postSolution
		SolutionGuid = {26EA8C69-1C90-4AF3-841D-F2BEBBE95E56}
	EndGlobalSection
EndGlobal
